// !$*UTF8*$!
{
	archiveVersion = 1;
	classes = {
	};
	objectVersion = 46;
	objects = {

/* Begin PBXBuildFile section */
		57C8F46C1B53605D003281CD /* THClient.m in Sources */ = {isa = PBXBuildFile; fileRef = 57C8F46B1B53605D003281CD /* THClient.m */; };
		57C8F46F1B5360AB003281CD /* LHManager.m in Sources */ = {isa = PBXBuildFile; fileRef = 57C8F46E1B5360AB003281CD /* LHManager.m */; };
		57C8F4721B5360C9003281CD /* LHCondition.m in Sources */ = {isa = PBXBuildFile; fileRef = 57C8F4711B5360C9003281CD /* LHCondition.m */; };
		57C8F4751B5360EB003281CD /* LHDailyForecast.m in Sources */ = {isa = PBXBuildFile; fileRef = 57C8F4741B5360EB003281CD /* LHDailyForecast.m */; };
		7DBFDAD61A4FD7ACA2C5B8AF /* libPods.a in Frameworks */ = {isa = PBXBuildFile; fileRef = B9815E0C306E4379CB706B4F /* libPods.a */; };
		CD6937401B5290CE005725BF /* main.m in Sources */ = {isa = PBXBuildFile; fileRef = CD69373F1B5290CE005725BF /* main.m */; };
		CD6937431B5290CE005725BF /* AppDelegate.m in Sources */ = {isa = PBXBuildFile; fileRef = CD6937421B5290CE005725BF /* AppDelegate.m */; };
		CD6937461B5290CE005725BF /* ViewController.m in Sources */ = {isa = PBXBuildFile; fileRef = CD6937451B5290CE005725BF /* ViewController.m */; };
		CD6937491B5290CE005725BF /* Main.storyboard in Resources */ = {isa = PBXBuildFile; fileRef = CD6937471B5290CE005725BF /* Main.storyboard */; };
		CD69374B1B5290CE005725BF /* Images.xcassets in Resources */ = {isa = PBXBuildFile; fileRef = CD69374A1B5290CE005725BF /* Images.xcassets */; };
		CD69374E1B5290CE005725BF /* LaunchScreen.xib in Resources */ = {isa = PBXBuildFile; fileRef = CD69374C1B5290CE005725BF /* LaunchScreen.xib */; };
		CD69375A1B5290CE005725BF /* iWeatherTests.m in Sources */ = {isa = PBXBuildFile; fileRef = CD6937591B5290CE005725BF /* iWeatherTests.m */; };
		CD85C5581B52C5AB0029B7EB /* bg.png in Resources */ = {isa = PBXBuildFile; fileRef = CD85C53D1B52C5AB0029B7EB /* bg.png */; };
		CD85C5591B52C5AB0029B7EB /* bg@2x.png in Resources */ = {isa = PBXBuildFile; fileRef = CD85C53E1B52C5AB0029B7EB /* bg@2x.png */; };
		CD85C55A1B52C5AB0029B7EB /* weather-broken.png in Resources */ = {isa = PBXBuildFile; fileRef = CD85C5401B52C5AB0029B7EB /* weather-broken.png */; };
		CD85C55B1B52C5AB0029B7EB /* weather-broken@2x.png in Resources */ = {isa = PBXBuildFile; fileRef = CD85C5411B52C5AB0029B7EB /* weather-broken@2x.png */; };
		CD85C55C1B52C5AB0029B7EB /* weather-clear.png in Resources */ = {isa = PBXBuildFile; fileRef = CD85C5421B52C5AB0029B7EB /* weather-clear.png */; };
		CD85C55D1B52C5AB0029B7EB /* weather-clear@2x.png in Resources */ = {isa = PBXBuildFile; fileRef = CD85C5431B52C5AB0029B7EB /* weather-clear@2x.png */; };
		CD85C55E1B52C5AB0029B7EB /* weather-few-night.png in Resources */ = {isa = PBXBuildFile; fileRef = CD85C5441B52C5AB0029B7EB /* weather-few-night.png */; };
		CD85C55F1B52C5AB0029B7EB /* weather-few-night@2x.png in Resources */ = {isa = PBXBuildFile; fileRef = CD85C5451B52C5AB0029B7EB /* weather-few-night@2x.png */; };
		CD85C5601B52C5AB0029B7EB /* weather-few.png in Resources */ = {isa = PBXBuildFile; fileRef = CD85C5461B52C5AB0029B7EB /* weather-few.png */; };
		CD85C5611B52C5AB0029B7EB /* weather-few@2x.png in Resources */ = {isa = PBXBuildFile; fileRef = CD85C5471B52C5AB0029B7EB /* weather-few@2x.png */; };
		CD85C5621B52C5AB0029B7EB /* weather-mist.png in Resources */ = {isa = PBXBuildFile; fileRef = CD85C5481B52C5AB0029B7EB /* weather-mist.png */; };
		CD85C5631B52C5AB0029B7EB /* weather-mist@2x.png in Resources */ = {isa = PBXBuildFile; fileRef = CD85C5491B52C5AB0029B7EB /* weather-mist@2x.png */; };
		CD85C5641B52C5AB0029B7EB /* weather-moon.png in Resources */ = {isa = PBXBuildFile; fileRef = CD85C54A1B52C5AB0029B7EB /* weather-moon.png */; };
		CD85C5651B52C5AB0029B7EB /* weather-moon@2x.png in Resources */ = {isa = PBXBuildFile; fileRef = CD85C54B1B52C5AB0029B7EB /* weather-moon@2x.png */; };
		CD85C5661B52C5AB0029B7EB /* weather-rain-night.png in Resources */ = {isa = PBXBuildFile; fileRef = CD85C54C1B52C5AB0029B7EB /* weather-rain-night.png */; };
		CD85C5671B52C5AB0029B7EB /* weather-rain-night@2x.png in Resources */ = {isa = PBXBuildFile; fileRef = CD85C54D1B52C5AB0029B7EB /* weather-rain-night@2x.png */; };
		CD85C5681B52C5AB0029B7EB /* weather-rain.png in Resources */ = {isa = PBXBuildFile; fileRef = CD85C54E1B52C5AB0029B7EB /* weather-rain.png */; };
		CD85C5691B52C5AB0029B7EB /* weather-rain@2x.png in Resources */ = {isa = PBXBuildFile; fileRef = CD85C54F1B52C5AB0029B7EB /* weather-rain@2x.png */; };
		CD85C56A1B52C5AB0029B7EB /* weather-scattered.png in Resources */ = {isa = PBXBuildFile; fileRef = CD85C5501B52C5AB0029B7EB /* weather-scattered.png */; };
		CD85C56B1B52C5AB0029B7EB /* weather-scattered@2x.png in Resources */ = {isa = PBXBuildFile; fileRef = CD85C5511B52C5AB0029B7EB /* weather-scattered@2x.png */; };
		CD85C56C1B52C5AB0029B7EB /* weather-shower.png in Resources */ = {isa = PBXBuildFile; fileRef = CD85C5521B52C5AB0029B7EB /* weather-shower.png */; };
		CD85C56D1B52C5AB0029B7EB /* weather-shower@2x.png in Resources */ = {isa = PBXBuildFile; fileRef = CD85C5531B52C5AB0029B7EB /* weather-shower@2x.png */; };
		CD85C56E1B52C5AB0029B7EB /* weather-snow.png in Resources */ = {isa = PBXBuildFile; fileRef = CD85C5541B52C5AB0029B7EB /* weather-snow.png */; };
		CD85C56F1B52C5AB0029B7EB /* weather-snow@2x.png in Resources */ = {isa = PBXBuildFile; fileRef = CD85C5551B52C5AB0029B7EB /* weather-snow@2x.png */; };
		CD85C5701B52C5AB0029B7EB /* weather-tstorm.png in Resources */ = {isa = PBXBuildFile; fileRef = CD85C5561B52C5AB0029B7EB /* weather-tstorm.png */; };
		CD85C5711B52C5AB0029B7EB /* weather-tstorm@2x.png in Resources */ = {isa = PBXBuildFile; fileRef = CD85C5571B52C5AB0029B7EB /* weather-tstorm@2x.png */; };
/* End PBXBuildFile section */

/* Begin PBXContainerItemProxy section */
		CD6937541B5290CE005725BF /* PBXContainerItemProxy */ = {
			isa = PBXContainerItemProxy;
			containerPortal = CD6937321B5290CC005725BF /* Project object */;
			proxyType = 1;
			remoteGlobalIDString = CD6937391B5290CD005725BF;
			remoteInfo = iWeather;
		};
/* End PBXContainerItemProxy section */

/* Begin PBXFileReference section */
		57C8F46A1B53605D003281CD /* THClient.h */ = {isa = PBXFileReference; fileEncoding = 4; lastKnownFileType = sourcecode.c.h; path = THClient.h; sourceTree = "<group>"; };
		57C8F46B1B53605D003281CD /* THClient.m */ = {isa = PBXFileReference; fileEncoding = 4; lastKnownFileType = sourcecode.c.objc; path = THClient.m; sourceTree = "<group>"; };
		57C8F46D1B5360AB003281CD /* LHManager.h */ = {isa = PBXFileReference; fileEncoding = 4; lastKnownFileType = sourcecode.c.h; path = LHManager.h; sourceTree = "<group>"; };
		57C8F46E1B5360AB003281CD /* LHManager.m */ = {isa = PBXFileReference; fileEncoding = 4; lastKnownFileType = sourcecode.c.objc; path = LHManager.m; sourceTree = "<group>"; };
		57C8F4701B5360C9003281CD /* LHCondition.h */ = {isa = PBXFileReference; fileEncoding = 4; lastKnownFileType = sourcecode.c.h; path = LHCondition.h; sourceTree = "<group>"; };
		57C8F4711B5360C9003281CD /* LHCondition.m */ = {isa = PBXFileReference; fileEncoding = 4; lastKnownFileType = sourcecode.c.objc; path = LHCondition.m; sourceTree = "<group>"; };
		57C8F4731B5360EB003281CD /* LHDailyForecast.h */ = {isa = PBXFileReference; fileEncoding = 4; lastKnownFileType = sourcecode.c.h; path = LHDailyForecast.h; sourceTree = "<group>"; };
		57C8F4741B5360EB003281CD /* LHDailyForecast.m */ = {isa = PBXFileReference; fileEncoding = 4; lastKnownFileType = sourcecode.c.objc; path = LHDailyForecast.m; sourceTree = "<group>"; };
		B9815E0C306E4379CB706B4F /* libPods.a */ = {isa = PBXFileReference; explicitFileType = archive.ar; includeInIndex = 0; path = libPods.a; sourceTree = BUILT_PRODUCTS_DIR; };
		CD69373A1B5290CE005725BF /* iWeather.app */ = {isa = PBXFileReference; explicitFileType = wrapper.application; includeInIndex = 0; path = iWeather.app; sourceTree = BUILT_PRODUCTS_DIR; };
		CD69373E1B5290CE005725BF /* Info.plist */ = {isa = PBXFileReference; lastKnownFileType = text.plist.xml; path = Info.plist; sourceTree = "<group>"; };
		CD69373F1B5290CE005725BF /* main.m */ = {isa = PBXFileReference; lastKnownFileType = sourcecode.c.objc; path = main.m; sourceTree = "<group>"; };
		CD6937411B5290CE005725BF /* AppDelegate.h */ = {isa = PBXFileReference; lastKnownFileType = sourcecode.c.h; path = AppDelegate.h; sourceTree = "<group>"; };
		CD6937421B5290CE005725BF /* AppDelegate.m */ = {isa = PBXFileReference; lastKnownFileType = sourcecode.c.objc; path = AppDelegate.m; sourceTree = "<group>"; };
		CD6937441B5290CE005725BF /* ViewController.h */ = {isa = PBXFileReference; lastKnownFileType = sourcecode.c.h; path = ViewController.h; sourceTree = "<group>"; };
		CD6937451B5290CE005725BF /* ViewController.m */ = {isa = PBXFileReference; lastKnownFileType = sourcecode.c.objc; path = ViewController.m; sourceTree = "<group>"; };
		CD6937481B5290CE005725BF /* Base */ = {isa = PBXFileReference; lastKnownFileType = file.storyboard; name = Base; path = Base.lproj/Main.storyboard; sourceTree = "<group>"; };
		CD69374A1B5290CE005725BF /* Images.xcassets */ = {isa = PBXFileReference; lastKnownFileType = folder.assetcatalog; path = Images.xcassets; sourceTree = "<group>"; };
		CD69374D1B5290CE005725BF /* Base */ = {isa = PBXFileReference; lastKnownFileType = file.xib; name = Base; path = Base.lproj/LaunchScreen.xib; sourceTree = "<group>"; };
		CD6937531B5290CE005725BF /* iWeatherTests.xctest */ = {isa = PBXFileReference; explicitFileType = wrapper.cfbundle; includeInIndex = 0; path = iWeatherTests.xctest; sourceTree = BUILT_PRODUCTS_DIR; };
		CD6937581B5290CE005725BF /* Info.plist */ = {isa = PBXFileReference; lastKnownFileType = text.plist.xml; path = Info.plist; sourceTree = "<group>"; };
		CD6937591B5290CE005725BF /* iWeatherTests.m */ = {isa = PBXFileReference; lastKnownFileType = sourcecode.c.objc; path = iWeatherTests.m; sourceTree = "<group>"; };
		CD85C53D1B52C5AB0029B7EB /* bg.png */ = {isa = PBXFileReference; lastKnownFileType = image.png; path = bg.png; sourceTree = "<group>"; };
		CD85C53E1B52C5AB0029B7EB /* bg@2x.png */ = {isa = PBXFileReference; lastKnownFileType = image.png; path = "bg@2x.png"; sourceTree = "<group>"; };
		CD85C5401B52C5AB0029B7EB /* weather-broken.png */ = {isa = PBXFileReference; lastKnownFileType = image.png; path = "weather-broken.png"; sourceTree = "<group>"; };
		CD85C5411B52C5AB0029B7EB /* weather-broken@2x.png */ = {isa = PBXFileReference; lastKnownFileType = image.png; path = "weather-broken@2x.png"; sourceTree = "<group>"; };
		CD85C5421B52C5AB0029B7EB /* weather-clear.png */ = {isa = PBXFileReference; lastKnownFileType = image.png; path = "weather-clear.png"; sourceTree = "<group>"; };
		CD85C5431B52C5AB0029B7EB /* weather-clear@2x.png */ = {isa = PBXFileReference; lastKnownFileType = image.png; path = "weather-clear@2x.png"; sourceTree = "<group>"; };
		CD85C5441B52C5AB0029B7EB /* weather-few-night.png */ = {isa = PBXFileReference; lastKnownFileType = image.png; path = "weather-few-night.png"; sourceTree = "<group>"; };
		CD85C5451B52C5AB0029B7EB /* weather-few-night@2x.png */ = {isa = PBXFileReference; lastKnownFileType = image.png; path = "weather-few-night@2x.png"; sourceTree = "<group>"; };
		CD85C5461B52C5AB0029B7EB /* weather-few.png */ = {isa = PBXFileReference; lastKnownFileType = image.png; path = "weather-few.png"; sourceTree = "<group>"; };
		CD85C5471B52C5AB0029B7EB /* weather-few@2x.png */ = {isa = PBXFileReference; lastKnownFileType = image.png; path = "weather-few@2x.png"; sourceTree = "<group>"; };
		CD85C5481B52C5AB0029B7EB /* weather-mist.png */ = {isa = PBXFileReference; lastKnownFileType = image.png; path = "weather-mist.png"; sourceTree = "<group>"; };
		CD85C5491B52C5AB0029B7EB /* weather-mist@2x.png */ = {isa = PBXFileReference; lastKnownFileType = image.png; path = "weather-mist@2x.png"; sourceTree = "<group>"; };
		CD85C54A1B52C5AB0029B7EB /* weather-moon.png */ = {isa = PBXFileReference; lastKnownFileType = image.png; path = "weather-moon.png"; sourceTree = "<group>"; };
		CD85C54B1B52C5AB0029B7EB /* weather-moon@2x.png */ = {isa = PBXFileReference; lastKnownFileType = image.png; path = "weather-moon@2x.png"; sourceTree = "<group>"; };
		CD85C54C1B52C5AB0029B7EB /* weather-rain-night.png */ = {isa = PBXFileReference; lastKnownFileType = image.png; path = "weather-rain-night.png"; sourceTree = "<group>"; };
		CD85C54D1B52C5AB0029B7EB /* weather-rain-night@2x.png */ = {isa = PBXFileReference; lastKnownFileType = image.png; path = "weather-rain-night@2x.png"; sourceTree = "<group>"; };
		CD85C54E1B52C5AB0029B7EB /* weather-rain.png */ = {isa = PBXFileReference; lastKnownFileType = image.png; path = "weather-rain.png"; sourceTree = "<group>"; };
		CD85C54F1B52C5AB0029B7EB /* weather-rain@2x.png */ = {isa = PBXFileReference; lastKnownFileType = image.png; path = "weather-rain@2x.png"; sourceTree = "<group>"; };
		CD85C5501B52C5AB0029B7EB /* weather-scattered.png */ = {isa = PBXFileReference; lastKnownFileType = image.png; path = "weather-scattered.png"; sourceTree = "<group>"; };
		CD85C5511B52C5AB0029B7EB /* weather-scattered@2x.png */ = {isa = PBXFileReference; lastKnownFileType = image.png; path = "weather-scattered@2x.png"; sourceTree = "<group>"; };
		CD85C5521B52C5AB0029B7EB /* weather-shower.png */ = {isa = PBXFileReference; lastKnownFileType = image.png; path = "weather-shower.png"; sourceTree = "<group>"; };
		CD85C5531B52C5AB0029B7EB /* weather-shower@2x.png */ = {isa = PBXFileReference; lastKnownFileType = image.png; path = "weather-shower@2x.png"; sourceTree = "<group>"; };
		CD85C5541B52C5AB0029B7EB /* weather-snow.png */ = {isa = PBXFileReference; lastKnownFileType = image.png; path = "weather-snow.png"; sourceTree = "<group>"; };
		CD85C5551B52C5AB0029B7EB /* weather-snow@2x.png */ = {isa = PBXFileReference; lastKnownFileType = image.png; path = "weather-snow@2x.png"; sourceTree = "<group>"; };
		CD85C5561B52C5AB0029B7EB /* weather-tstorm.png */ = {isa = PBXFileReference; lastKnownFileType = image.png; path = "weather-tstorm.png"; sourceTree = "<group>"; };
		CD85C5571B52C5AB0029B7EB /* weather-tstorm@2x.png */ = {isa = PBXFileReference; lastKnownFileType = image.png; path = "weather-tstorm@2x.png"; sourceTree = "<group>"; };
		D25F6EC033C8FCDA4A6E0E25 /* Pods.release.xcconfig */ = {isa = PBXFileReference; includeInIndex = 1; lastKnownFileType = text.xcconfig; name = Pods.release.xcconfig; path = "Pods/Target Support Files/Pods/Pods.release.xcconfig"; sourceTree = "<group>"; };
		F29B10786C3C498CD7D3A420 /* Pods.debug.xcconfig */ = {isa = PBXFileReference; includeInIndex = 1; lastKnownFileType = text.xcconfig; name = Pods.debug.xcconfig; path = "Pods/Target Support Files/Pods/Pods.debug.xcconfig"; sourceTree = "<group>"; };
/* End PBXFileReference section */

/* Begin PBXFrameworksBuildPhase section */
		CD6937371B5290CD005725BF /* Frameworks */ = {
			isa = PBXFrameworksBuildPhase;
			buildActionMask = 2147483647;
			files = (
				7DBFDAD61A4FD7ACA2C5B8AF /* libPods.a in Frameworks */,
			);
			runOnlyForDeploymentPostprocessing = 0;
		};
		CD6937501B5290CE005725BF /* Frameworks */ = {
			isa = PBXFrameworksBuildPhase;
			buildActionMask = 2147483647;
			files = (
			);
			runOnlyForDeploymentPostprocessing = 0;
		};
/* End PBXFrameworksBuildPhase section */

/* Begin PBXGroup section */
		12341EA6DE6057AF037F8AE1 /* Pods */ = {
			isa = PBXGroup;
			children = (
				F29B10786C3C498CD7D3A420 /* Pods.debug.xcconfig */,
				D25F6EC033C8FCDA4A6E0E25 /* Pods.release.xcconfig */,
			);
			name = Pods;
			sourceTree = "<group>";
		};
		1DB25698171A133B0FCE242E /* Frameworks */ = {
			isa = PBXGroup;
			children = (
				B9815E0C306E4379CB706B4F /* libPods.a */,
			);
			name = Frameworks;
			sourceTree = "<group>";
		};
		CD6937311B5290CC005725BF = {
			isa = PBXGroup;
			children = (
				CD69373C1B5290CE005725BF /* iWeather */,
				CD6937561B5290CE005725BF /* iWeatherTests */,
				CD69373B1B5290CE005725BF /* Products */,
				12341EA6DE6057AF037F8AE1 /* Pods */,
				1DB25698171A133B0FCE242E /* Frameworks */,
			);
			sourceTree = "<group>";
		};
		CD69373B1B5290CE005725BF /* Products */ = {
			isa = PBXGroup;
			children = (
				CD69373A1B5290CE005725BF /* iWeather.app */,
				CD6937531B5290CE005725BF /* iWeatherTests.xctest */,
			);
			name = Products;
			sourceTree = "<group>";
		};
		CD69373C1B5290CE005725BF /* iWeather */ = {
			isa = PBXGroup;
			children = (
				CD85C53C1B52C5AB0029B7EB /* Images */,
				CD6937411B5290CE005725BF /* AppDelegate.h */,
				CD6937421B5290CE005725BF /* AppDelegate.m */,
				CD6937441B5290CE005725BF /* ViewController.h */,
				CD6937451B5290CE005725BF /* ViewController.m */,
				CD6937471B5290CE005725BF /* Main.storyboard */,
				CD69374A1B5290CE005725BF /* Images.xcassets */,
				CD69374C1B5290CE005725BF /* LaunchScreen.xib */,
				CD69373D1B5290CE005725BF /* Supporting Files */,
				57C8F46A1B53605D003281CD /* THClient.h */,
				57C8F46D1B5360AB003281CD /* LHManager.h */,
				57C8F46E1B5360AB003281CD /* LHManager.m */,
				57C8F4701B5360C9003281CD /* LHCondition.h */,
				57C8F4711B5360C9003281CD /* LHCondition.m */,
				57C8F4731B5360EB003281CD /* LHDailyForecast.h */,
				57C8F4741B5360EB003281CD /* LHDailyForecast.m */,
				57C8F46B1B53605D003281CD /* THClient.m */,
			);
			path = iWeather;
			sourceTree = "<group>";
		};
		CD69373D1B5290CE005725BF /* Supporting Files */ = {
			isa = PBXGroup;
			children = (
				CD69373E1B5290CE005725BF /* Info.plist */,
				CD69373F1B5290CE005725BF /* main.m */,
			);
			name = "Supporting Files";
			sourceTree = "<group>";
		};
		CD6937561B5290CE005725BF /* iWeatherTests */ = {
			isa = PBXGroup;
			children = (
				CD6937591B5290CE005725BF /* iWeatherTests.m */,
				CD6937571B5290CE005725BF /* Supporting Files */,
			);
			path = iWeatherTests;
			sourceTree = "<group>";
		};
		CD6937571B5290CE005725BF /* Supporting Files */ = {
			isa = PBXGroup;
			children = (
				CD6937581B5290CE005725BF /* Info.plist */,
			);
			name = "Supporting Files";
			sourceTree = "<group>";
		};
		CD85C53C1B52C5AB0029B7EB /* Images */ = {
			isa = PBXGroup;
			children = (
				CD85C53D1B52C5AB0029B7EB /* bg.png */,
				CD85C53E1B52C5AB0029B7EB /* bg@2x.png */,
				CD85C53F1B52C5AB0029B7EB /* Weather Icons */,
			);
			path = Images;
			sourceTree = "<group>";
		};
		CD85C53F1B52C5AB0029B7EB /* Weather Icons */ = {
			isa = PBXGroup;
			children = (
				CD85C5401B52C5AB0029B7EB /* weather-broken.png */,
				CD85C5411B52C5AB0029B7EB /* weather-broken@2x.png */,
				CD85C5421B52C5AB0029B7EB /* weather-clear.png */,
				CD85C5431B52C5AB0029B7EB /* weather-clear@2x.png */,
				CD85C5441B52C5AB0029B7EB /* weather-few-night.png */,
				CD85C5451B52C5AB0029B7EB /* weather-few-night@2x.png */,
				CD85C5461B52C5AB0029B7EB /* weather-few.png */,
				CD85C5471B52C5AB0029B7EB /* weather-few@2x.png */,
				CD85C5481B52C5AB0029B7EB /* weather-mist.png */,
				CD85C5491B52C5AB0029B7EB /* weather-mist@2x.png */,
				CD85C54A1B52C5AB0029B7EB /* weather-moon.png */,
				CD85C54B1B52C5AB0029B7EB /* weather-moon@2x.png */,
				CD85C54C1B52C5AB0029B7EB /* weather-rain-night.png */,
				CD85C54D1B52C5AB0029B7EB /* weather-rain-night@2x.png */,
				CD85C54E1B52C5AB0029B7EB /* weather-rain.png */,
				CD85C54F1B52C5AB0029B7EB /* weather-rain@2x.png */,
				CD85C5501B52C5AB0029B7EB /* weather-scattered.png */,
				CD85C5511B52C5AB0029B7EB /* weather-scattered@2x.png */,
				CD85C5521B52C5AB0029B7EB /* weather-shower.png */,
				CD85C5531B52C5AB0029B7EB /* weather-shower@2x.png */,
				CD85C5541B52C5AB0029B7EB /* weather-snow.png */,
				CD85C5551B52C5AB0029B7EB /* weather-snow@2x.png */,
				CD85C5561B52C5AB0029B7EB /* weather-tstorm.png */,
				CD85C5571B52C5AB0029B7EB /* weather-tstorm@2x.png */,
			);
			path = "Weather Icons";
			sourceTree = "<group>";
		};
/* End PBXGroup section */

/* Begin PBXNativeTarget section */
		CD6937391B5290CD005725BF /* iWeather */ = {
			isa = PBXNativeTarget;
			buildConfigurationList = CD69375D1B5290CE005725BF /* Build configuration list for PBXNativeTarget "iWeather" */;
			buildPhases = (
				11FBF93B73E8F6E412E69918 /* Check Pods Manifest.lock */,
				CD6937361B5290CD005725BF /* Sources */,
				CD6937371B5290CD005725BF /* Frameworks */,
				CD6937381B5290CD005725BF /* Resources */,
				F74458F4782932F9FC7F4F6E /* Copy Pods Resources */,
			);
			buildRules = (
			);
			dependencies = (
			);
			name = iWeather;
			productName = iWeather;
			productReference = CD69373A1B5290CE005725BF /* iWeather.app */;
			productType = "com.apple.product-type.application";
		};
		CD6937521B5290CE005725BF /* iWeatherTests */ = {
			isa = PBXNativeTarget;
			buildConfigurationList = CD6937601B5290CE005725BF /* Build configuration list for PBXNativeTarget "iWeatherTests" */;
			buildPhases = (
				CD69374F1B5290CE005725BF /* Sources */,
				CD6937501B5290CE005725BF /* Frameworks */,
				CD6937511B5290CE005725BF /* Resources */,
			);
			buildRules = (
			);
			dependencies = (
				CD6937551B5290CE005725BF /* PBXTargetDependency */,
			);
			name = iWeatherTests;
			productName = iWeatherTests;
			productReference = CD6937531B5290CE005725BF /* iWeatherTests.xctest */;
			productType = "com.apple.product-type.bundle.unit-test";
		};
/* End PBXNativeTarget section */

/* Begin PBXProject section */
		CD6937321B5290CC005725BF /* Project object */ = {
			isa = PBXProject;
			attributes = {
				LastUpgradeCheck = 0630;
				ORGANIZATIONNAME = Trieu;
				TargetAttributes = {
					CD6937391B5290CD005725BF = {
						CreatedOnToolsVersion = 6.3.1;
					};
					CD6937521B5290CE005725BF = {
						CreatedOnToolsVersion = 6.3.1;
						TestTargetID = CD6937391B5290CD005725BF;
					};
				};
			};
			buildConfigurationList = CD6937351B5290CC005725BF /* Build configuration list for PBXProject "iWeather" */;
			compatibilityVersion = "Xcode 3.2";
			developmentRegion = English;
			hasScannedForEncodings = 0;
			knownRegions = (
				en,
				Base,
			);
			mainGroup = CD6937311B5290CC005725BF;
			productRefGroup = CD69373B1B5290CE005725BF /* Products */;
			projectDirPath = "";
			projectRoot = "";
			targets = (
				CD6937391B5290CD005725BF /* iWeather */,
				CD6937521B5290CE005725BF /* iWeatherTests */,
			);
		};
/* End PBXProject section */

/* Begin PBXResourcesBuildPhase section */
		CD6937381B5290CD005725BF /* Resources */ = {
			isa = PBXResourcesBuildPhase;
			buildActionMask = 2147483647;
			files = (
				CD85C55C1B52C5AB0029B7EB /* weather-clear.png in Resources */,
				CD85C5601B52C5AB0029B7EB /* weather-few.png in Resources */,
				CD85C5681B52C5AB0029B7EB /* weather-rain.png in Resources */,
				CD6937491B5290CE005725BF /* Main.storyboard in Resources */,
				CD85C5611B52C5AB0029B7EB /* weather-few@2x.png in Resources */,
				CD85C55B1B52C5AB0029B7EB /* weather-broken@2x.png in Resources */,
				CD85C5621B52C5AB0029B7EB /* weather-mist.png in Resources */,
				CD85C5701B52C5AB0029B7EB /* weather-tstorm.png in Resources */,
				CD85C5711B52C5AB0029B7EB /* weather-tstorm@2x.png in Resources */,
				CD69374E1B5290CE005725BF /* LaunchScreen.xib in Resources */,
				CD85C5581B52C5AB0029B7EB /* bg.png in Resources */,
				CD85C5651B52C5AB0029B7EB /* weather-moon@2x.png in Resources */,
				CD85C56C1B52C5AB0029B7EB /* weather-shower.png in Resources */,
				CD85C56E1B52C5AB0029B7EB /* weather-snow.png in Resources */,
				CD85C56F1B52C5AB0029B7EB /* weather-snow@2x.png in Resources */,
				CD85C55A1B52C5AB0029B7EB /* weather-broken.png in Resources */,
				CD85C5641B52C5AB0029B7EB /* weather-moon.png in Resources */,
				CD85C55F1B52C5AB0029B7EB /* weather-few-night@2x.png in Resources */,
				CD85C56B1B52C5AB0029B7EB /* weather-scattered@2x.png in Resources */,
				CD85C55E1B52C5AB0029B7EB /* weather-few-night.png in Resources */,
				CD69374B1B5290CE005725BF /* Images.xcassets in Resources */,
				CD85C55D1B52C5AB0029B7EB /* weather-clear@2x.png in Resources */,
				CD85C5631B52C5AB0029B7EB /* weather-mist@2x.png in Resources */,
				CD85C5591B52C5AB0029B7EB /* bg@2x.png in Resources */,
				CD85C56D1B52C5AB0029B7EB /* weather-shower@2x.png in Resources */,
				CD85C56A1B52C5AB0029B7EB /* weather-scattered.png in Resources */,
				CD85C5691B52C5AB0029B7EB /* weather-rain@2x.png in Resources */,
				CD85C5661B52C5AB0029B7EB /* weather-rain-night.png in Resources */,
				CD85C5671B52C5AB0029B7EB /* weather-rain-night@2x.png in Resources */,
			);
			runOnlyForDeploymentPostprocessing = 0;
		};
		CD6937511B5290CE005725BF /* Resources */ = {
			isa = PBXResourcesBuildPhase;
			buildActionMask = 2147483647;
			files = (
			);
			runOnlyForDeploymentPostprocessing = 0;
		};
/* End PBXResourcesBuildPhase section */

/* Begin PBXShellScriptBuildPhase section */
		11FBF93B73E8F6E412E69918 /* Check Pods Manifest.lock */ = {
			isa = PBXShellScriptBuildPhase;
			buildActionMask = 2147483647;
			files = (
			);
			inputPaths = (
			);
			name = "Check Pods Manifest.lock";
			outputPaths = (
			);
			runOnlyForDeploymentPostprocessing = 0;
			shellPath = /bin/sh;
			shellScript = "diff \"${PODS_ROOT}/../Podfile.lock\" \"${PODS_ROOT}/Manifest.lock\" > /dev/null\nif [[ $? != 0 ]] ; then\n    cat << EOM\nerror: The sandbox is not in sync with the Podfile.lock. Run 'pod install' or update your CocoaPods installation.\nEOM\n    exit 1\nfi\n";
			showEnvVarsInLog = 0;
		};
		F74458F4782932F9FC7F4F6E /* Copy Pods Resources */ = {
			isa = PBXShellScriptBuildPhase;
			buildActionMask = 2147483647;
			files = (
			);
			inputPaths = (
			);
			name = "Copy Pods Resources";
			outputPaths = (
			);
			runOnlyForDeploymentPostprocessing = 0;
			shellPath = /bin/sh;
			shellScript = "\"${SRCROOT}/Pods/Target Support Files/Pods/Pods-resources.sh\"\n";
			showEnvVarsInLog = 0;
		};
/* End PBXShellScriptBuildPhase section */

/* Begin PBXSourcesBuildPhase section */
		CD6937361B5290CD005725BF /* Sources */ = {
			isa = PBXSourcesBuildPhase;
			buildActionMask = 2147483647;
			files = (
				57C8F46F1B5360AB003281CD /* LHManager.m in Sources */,
				57C8F46C1B53605D003281CD /* THClient.m in Sources */,
				CD6937461B5290CE005725BF /* ViewController.m in Sources */,
				57C8F4751B5360EB003281CD /* LHDailyForecast.m in Sources */,
				57C8F4721B5360C9003281CD /* LHCondition.m in Sources */,
				CD6937431B5290CE005725BF /* AppDelegate.m in Sources */,
				CD6937401B5290CE005725BF /* main.m in Sources */,
			);
			runOnlyForDeploymentPostprocessing = 0;
		};
		CD69374F1B5290CE005725BF /* Sources */ = {
			isa = PBXSourcesBuildPhase;
			buildActionMask = 2147483647;
			files = (
				CD69375A1B5290CE005725BF /* iWeatherTests.m in Sources */,
			);
			runOnlyForDeploymentPostprocessing = 0;
		};
/* End PBXSourcesBuildPhase section */

/* Begin PBXTargetDependency section */
		CD6937551B5290CE005725BF /* PBXTargetDependency */ = {
			isa = PBXTargetDependency;
			target = CD6937391B5290CD005725BF /* iWeather */;
			targetProxy = CD6937541B5290CE005725BF /* PBXContainerItemProxy */;
		};
/* End PBXTargetDependency section */

/* Begin PBXVariantGroup section */
		CD6937471B5290CE005725BF /* Main.storyboard */ = {
			isa = PBXVariantGroup;
			children = (
				CD6937481B5290CE005725BF /* Base */,
			);
			name = Main.storyboard;
			sourceTree = "<group>";
		};
		CD69374C1B5290CE005725BF /* LaunchScreen.xib */ = {
			isa = PBXVariantGroup;
			children = (
				CD69374D1B5290CE005725BF /* Base */,
			);
			name = LaunchScreen.xib;
			sourceTree = "<group>";
		};
/* End PBXVariantGroup section */

/* Begin XCBuildConfiguration section */
		CD69375B1B5290CE005725BF /* Debug */ = {
			isa = XCBuildConfiguration;
			buildSettings = {
				ALWAYS_SEARCH_USER_PATHS = NO;
				CLANG_CXX_LANGUAGE_STANDARD = "gnu++0x";
				CLANG_CXX_LIBRARY = "libc++";
				CLANG_ENABLE_MODULES = YES;
				CLANG_ENABLE_OBJC_ARC = YES;
				CLANG_WARN_BOOL_CONVERSION = YES;
				CLANG_WARN_CONSTANT_CONVERSION = YES;
				CLANG_WARN_DIRECT_OBJC_ISA_USAGE = YES_ERROR;
				CLANG_WARN_EMPTY_BODY = YES;
				CLANG_WARN_ENUM_CONVERSION = YES;
				CLANG_WARN_INT_CONVERSION = YES;
				CLANG_WARN_OBJC_ROOT_CLASS = YES_ERROR;
				CLANG_WARN_UNREACHABLE_CODE = YES;
				CLANG_WARN__DUPLICATE_METHOD_MATCH = YES;
				"CODE_SIGN_IDENTITY[sdk=iphoneos*]" = "iPhone Developer";
				COPY_PHASE_STRIP = NO;
				DEBUG_INFORMATION_FORMAT = "dwarf-with-dsym";
				ENABLE_STRICT_OBJC_MSGSEND = YES;
				GCC_C_LANGUAGE_STANDARD = gnu99;
				GCC_DYNAMIC_NO_PIC = NO;
				GCC_NO_COMMON_BLOCKS = YES;
				GCC_OPTIMIZATION_LEVEL = 0;
				GCC_PREPROCESSOR_DEFINITIONS = (
					"DEBUG=1",
					"$(inherited)",
				);
				GCC_SYMBOLS_PRIVATE_EXTERN = NO;
				GCC_WARN_64_TO_32_BIT_CONVERSION = YES;
				GCC_WARN_ABOUT_RETURN_TYPE = YES_ERROR;
				GCC_WARN_UNDECLARED_SELECTOR = YES;
				GCC_WARN_UNINITIALIZED_AUTOS = YES_AGGRESSIVE;
				GCC_WARN_UNUSED_FUNCTION = YES;
				GCC_WARN_UNUSED_VARIABLE = YES;
				IPHONEOS_DEPLOYMENT_TARGET = 8.3;
				MTL_ENABLE_DEBUG_INFO = YES;
				ONLY_ACTIVE_ARCH = YES;
				SDKROOT = iphoneos;
			};
			name = Debug;
		};
		CD69375C1B5290CE005725BF /* Release */ = {
			isa = XCBuildConfiguration;
			buildSettings = {
				ALWAYS_SEARCH_USER_PATHS = NO;
				CLANG_CXX_LANGUAGE_STANDARD = "gnu++0x";
				CLANG_CXX_LIBRARY = "libc++";
				CLANG_ENABLE_MODULES = YES;
				CLANG_ENABLE_OBJC_ARC = YES;
				CLANG_WARN_BOOL_CONVERSION = YES;
				CLANG_WARN_CONSTANT_CONVERSION = YES;
				CLANG_WARN_DIRECT_OBJC_ISA_USAGE = YES_ERROR;
				CLANG_WARN_EMPTY_BODY = YES;
				CLANG_WARN_ENUM_CONVERSION = YES;
				CLANG_WARN_INT_CONVERSION = YES;
				CLANG_WARN_OBJC_ROOT_CLASS = YES_ERROR;
				CLANG_WARN_UNREACHABLE_CODE = YES;
				CLANG_WARN__DUPLICATE_METHOD_MATCH = YES;
				"CODE_SIGN_IDENTITY[sdk=iphoneos*]" = "iPhone Developer";
				COPY_PHASE_STRIP = NO;
				DEBUG_INFORMATION_FORMAT = "dwarf-with-dsym";
				ENABLE_NS_ASSERTIONS = NO;
				ENABLE_STRICT_OBJC_MSGSEND = YES;
				GCC_C_LANGUAGE_STANDARD = gnu99;
				GCC_NO_COMMON_BLOCKS = YES;
				GCC_WARN_64_TO_32_BIT_CONVERSION = YES;
				GCC_WARN_ABOUT_RETURN_TYPE = YES_ERROR;
				GCC_WARN_UNDECLARED_SELECTOR = YES;
				GCC_WARN_UNINITIALIZED_AUTOS = YES_AGGRESSIVE;
				GCC_WARN_UNUSED_FUNCTION = YES;
				GCC_WARN_UNUSED_VARIABLE = YES;
				IPHONEOS_DEPLOYMENT_TARGET = 8.3;
				MTL_ENABLE_DEBUG_INFO = NO;
				SDKROOT = iphoneos;
				VALIDATE_PRODUCT = YES;
			};
			name = Release;
		};
		CD69375E1B5290CE005725BF /* Debug */ = {
			isa = XCBuildConfiguration;
			baseConfigurationReference = F29B10786C3C498CD7D3A420 /* Pods.debug.xcconfig */;
			buildSettings = {
				ASSETCATALOG_COMPILER_APPICON_NAME = AppIcon;
				INFOPLIST_FILE = iWeather/Info.plist;
				IPHONEOS_DEPLOYMENT_TARGET = 7.1;
				LD_RUNPATH_SEARCH_PATHS = "$(inherited) @executable_path/Frameworks";
				PRODUCT_NAME = "$(TARGET_NAME)";
			};
			name = Debug;
		};
		CD69375F1B5290CE005725BF /* Release */ = {
			isa = XCBuildConfiguration;
			baseConfigurationReference = D25F6EC033C8FCDA4A6E0E25 /* Pods.release.xcconfig */;
			buildSettings = {
				ASSETCATALOG_COMPILER_APPICON_NAME = AppIcon;
				INFOPLIST_FILE = iWeather/Info.plist;
				IPHONEOS_DEPLOYMENT_TARGET = 7.1;
				LD_RUNPATH_SEARCH_PATHS = "$(inherited) @executable_path/Frameworks";
				PRODUCT_NAME = "$(TARGET_NAME)";
			};
			name = Release;
		};
		CD6937611B5290CE005725BF /* Debug */ = {
			isa = XCBuildConfiguration;
			buildSettings = {
				BUNDLE_LOADER = "$(TEST_HOST)";
				FRAMEWORK_SEARCH_PATHS = (
					"$(SDKROOT)/Developer/Library/Frameworks",
					"$(inherited)",
				);
				GCC_PREPROCESSOR_DEFINITIONS = (
					"DEBUG=1",
					"$(inherited)",
				);
				INFOPLIST_FILE = iWeatherTests/Info.plist;
				LD_RUNPATH_SEARCH_PATHS = "$(inherited) @executable_path/Frameworks @loader_path/Frameworks";
				PRODUCT_NAME = "$(TARGET_NAME)";
				TEST_HOST = "$(BUILT_PRODUCTS_DIR)/iWeather.app/iWeather";
			};
			name = Debug;
		};
		CD6937621B5290CE005725BF /* Release */ = {
			isa = XCBuildConfiguration;
			buildSettings = {
				BUNDLE_LOADER = "$(TEST_HOST)";
				FRAMEWORK_SEARCH_PATHS = (
					"$(SDKROOT)/Developer/Library/Frameworks",
					"$(inherited)",
				);
				INFOPLIST_FILE = iWeatherTests/Info.plist;
				LD_RUNPATH_SEARCH_PATHS = "$(inherited) @executable_path/Frameworks @loader_path/Frameworks";
				PRODUCT_NAME = "$(TARGET_NAME)";
				TEST_HOST = "$(BUILT_PRODUCTS_DIR)/iWeather.app/iWeather";
			};
			name = Release;
		};
/* End XCBuildConfiguration section */

/* Begin XCConfigurationList section */
		CD6937351B5290CC005725BF /* Build configuration list for PBXProject "iWeather" */ = {
			isa = XCConfigurationList;
			buildConfigurations = (
				CD69375B1B5290CE005725BF /* Debug */,
				CD69375C1B5290CE005725BF /* Release */,
			);
			defaultConfigurationIsVisible = 0;
			defaultConfigurationName = Release;
		};
		CD69375D1B5290CE005725BF /* Build configuration list for PBXNativeTarget "iWeather" */ = {
			isa = XCConfigurationList;
			buildConfigurations = (
				CD69375E1B5290CE005725BF /* Debug */,
				CD69375F1B5290CE005725BF /* Release */,
			);
			defaultConfigurationIsVisible = 0;
			defaultConfigurationName = Release;
		};
		CD6937601B5290CE005725BF /* Build configuration list for PBXNativeTarget "iWeatherTests" */ = {
			isa = XCConfigurationList;
			buildConfigurations = (
				CD6937611B5290CE005725BF /* Debug */,
				CD6937621B5290CE005725BF /* Release */,
			);
			defaultConfigurationIsVisible = 0;
			defaultConfigurationName = Release;
		};
/* End XCConfigurationList section */
	};
	rootObject = CD6937321B5290CC005725BF /* Project object */;
}
